{
    "name": "vizz-init",
    "version": "2.0.2",
    "lockfileVersion": 3,
    "requires": true,
    "packages": {
        "": {
            "name": "vizz-init",
            "version": "2.0.2",
            "license": "MIT",
            "bin": {
                "vizz-init": "index.js"
            }
        }
    }
}
